
Microsoft Visual Studio Solution File, Format Version 12.00
# Visual Studio Version 17
VisualStudioVersion = 17.13.35931.197
MinimumVisualStudioVersion = 10.0.40219.1
Project("{888888A0-9F3D-457C-B088-3A5042F75D52}") = "MCP_Client", "MCP_Client.pyproj", "{AE9B5BDB-C89E-4AFC-A826-FE25A4F9A1F6}"
EndProject
Global
	GlobalSection(SolutionConfigurationPlatforms) = preSolution
		Debug|Any CPU = Debug|Any CPU
		Release|Any CPU = Release|Any CPU
	EndGlobalSection
	GlobalSection(ProjectConfigurationPlatforms) = postSolution
		{AE9B5BDB-C89E-4AFC-A826-FE25A4F9A1F6}.Debug|Any CPU.ActiveCfg = Debug|Any CPU
		{AE9B5BDB-C89E-4AFC-A826-FE25A4F9A1F6}.Release|Any CPU.ActiveCfg = Release|Any CPU
	EndGlobalSection
	GlobalSection(SolutionProperties) = preSolution
		HideSolutionNode = FALSE
	EndGlobalSection
	GlobalSection(ExtensibilityGlobals) = postSolution
		SolutionGuid = {CF764E87-CC08-4ED9-84A2-CBF7293C8C81}
	EndGlobalSection
EndGlobal
